
Microsoft Visual Studio Solution File, Format Version 12.00
# Visual Studio Version 17
VisualStudioVersion = 17.7.34221.43
MinimumVisualStudioVersion = 10.0.40219.1
Project("{FAE04EC0-301F-11D3-BF4B-00C04F79EFBC}") = "geotab-challenge", "geotab-challenge.csproj", "{990BF74C-2337-4703-B826-C7F32249384C}"
EndProject
Global
	GlobalSection(SolutionConfigurationPlatforms) = preSolution
		Debug|Any CPU = Debug|Any CPU
		Release|Any CPU = Release|Any CPU
	EndGlobalSection
	GlobalSection(ProjectConfigurationPlatforms) = postSolution
		{990BF74C-2337-4703-B826-C7F32249384C}.Debug|Any CPU.ActiveCfg = Debug|Any CPU
		{990BF74C-2337-4703-B826-C7F32249384C}.Debug|Any CPU.Build.0 = Debug|Any CPU
		{990BF74C-2337-4703-B826-C7F32249384C}.Release|Any CPU.ActiveCfg = Release|Any CPU
		{990BF74C-2337-4703-B826-C7F32249384C}.Release|Any CPU.Build.0 = Release|Any CPU
	EndGlobalSection
	GlobalSection(SolutionProperties) = preSolution
		HideSolutionNode = FALSE
	EndGlobalSection
	GlobalSection(ExtensibilityGlobals) = postSolution
		SolutionGuid = {F34B0021-1C16-4D87-A4FE-4048C9CAEF06}
	EndGlobalSection
EndGlobal
